// !$*UTF8*$!
{
	archiveVersion = 1;
	classes = {
	};
	objectVersion = 55;
	objects = {

/* Begin PBXBuildFile section */
		0737D15D2715FD10004BFC20 /* AppDelegate.swift in Sources */ = {isa = PBXBuildFile; fileRef = 0737D15C2715FD10004BFC20 /* AppDelegate.swift */; };
		0737D15F2715FD10004BFC20 /* SceneDelegate.swift in Sources */ = {isa = PBXBuildFile; fileRef = 0737D15E2715FD10004BFC20 /* SceneDelegate.swift */; };
		0737D1612715FD10004BFC20 /* ViewController.swift in Sources */ = {isa = PBXBuildFile; fileRef = 0737D1602715FD10004BFC20 /* ViewController.swift */; };
		0737D1642715FD10004BFC20 /* Main.storyboard in Resources */ = {isa = PBXBuildFile; fileRef = 0737D1622715FD10004BFC20 /* Main.storyboard */; };
		0737D1662715FD10004BFC20 /* Assets.xcassets in Resources */ = {isa = PBXBuildFile; fileRef = 0737D1652715FD10004BFC20 /* Assets.xcassets */; };
		0737D1692715FD10004BFC20 /* LaunchScreen.storyboard in Resources */ = {isa = PBXBuildFile; fileRef = 0737D1672715FD10004BFC20 /* LaunchScreen.storyboard */; };
		0737D1742715FD10004BFC20 /* Coming4U_IGTests.swift in Sources */ = {isa = PBXBuildFile; fileRef = 0737D1732715FD10004BFC20 /* Coming4U_IGTests.swift */; };
		0737D17E2715FD10004BFC20 /* Coming4U_IGUITests.swift in Sources */ = {isa = PBXBuildFile; fileRef = 0737D17D2715FD10004BFC20 /* Coming4U_IGUITests.swift */; };
		0737D1802715FD10004BFC20 /* Coming4U_IGUITestsLaunchTests.swift in Sources */ = {isa = PBXBuildFile; fileRef = 0737D17F2715FD10004BFC20 /* Coming4U_IGUITestsLaunchTests.swift */; };
/* End PBXBuildFile section */

/* Begin PBXContainerItemProxy section */
		0737D1702715FD10004BFC20 /* PBXContainerItemProxy */ = {
			isa = PBXContainerItemProxy;
			containerPortal = 0737D1512715FD0F004BFC20 /* Project object */;
			proxyType = 1;
			remoteGlobalIDString = 0737D1582715FD0F004BFC20;
			remoteInfo = "Coming4U-IG";
		};
		0737D17A2715FD10004BFC20 /* PBXContainerItemProxy */ = {
			isa = PBXContainerItemProxy;
			containerPortal = 0737D1512715FD0F004BFC20 /* Project object */;
			proxyType = 1;
			remoteGlobalIDString = 0737D1582715FD0F004BFC20;
			remoteInfo = "Coming4U-IG";
		};
/* End PBXContainerItemProxy section */

/* Begin PBXFileReference section */
		0737D1592715FD10004BFC20 /* Coming4U-IG.app */ = {isa = PBXFileReference; explicitFileType = wrapper.application; includeInIndex = 0; path = "Coming4U-IG.app"; sourceTree = BUILT_PRODUCTS_DIR; };
		0737D15C2715FD10004BFC20 /* AppDelegate.swift */ = {isa = PBXFileReference; lastKnownFileType = sourcecode.swift; path = AppDelegate.swift; sourceTree = "<group>"; };
		0737D15E2715FD10004BFC20 /* SceneDelegate.swift */ = {isa = PBXFileReference; lastKnownFileType = sourcecode.swift; path = SceneDelegate.swift; sourceTree = "<group>"; };
		0737D1602715FD10004BFC20 /* ViewController.swift */ = {isa = PBXFileReference; lastKnownFileType = sourcecode.swift; path = ViewController.swift; sourceTree = "<group>"; };
		0737D1632715FD10004BFC20 /* Base */ = {isa = PBXFileReference; lastKnownFileType = file.storyboard; name = Base; path = Base.lproj/Main.storyboard; sourceTree = "<group>"; };
		0737D1652715FD10004BFC20 /* Assets.xcassets */ = {isa = PBXFileReference; lastKnownFileType = folder.assetcatalog; path = Assets.xcassets; sourceTree = "<group>"; };
		0737D1682715FD10004BFC20 /* Base */ = {isa = PBXFileReference; lastKnownFileType = file.storyboard; name = Base; path = Base.lproj/LaunchScreen.storyboard; sourceTree = "<group>"; };
		0737D16A2715FD10004BFC20 /* Info.plist */ = {isa = PBXFileReference; lastKnownFileType = text.plist.xml; path = Info.plist; sourceTree = "<group>"; };
		0737D16F2715FD10004BFC20 /* Coming4U-IGTests.xctest */ = {isa = PBXFileReference; explicitFileType = wrapper.cfbundle; includeInIndex = 0; path = "Coming4U-IGTests.xctest"; sourceTree = BUILT_PRODUCTS_DIR; };
		0737D1732715FD10004BFC20 /* Coming4U_IGTests.swift */ = {isa = PBXFileReference; lastKnownFileType = sourcecode.swift; path = Coming4U_IGTests.swift; sourceTree = "<group>"; };
		0737D1792715FD10004BFC20 /* Coming4U-IGUITests.xctest */ = {isa = PBXFileReference; explicitFileType = wrapper.cfbundle; includeInIndex = 0; path = "Coming4U-IGUITests.xctest"; sourceTree = BUILT_PRODUCTS_DIR; };
		0737D17D2715FD10004BFC20 /* Coming4U_IGUITests.swift */ = {isa = PBXFileReference; lastKnownFileType = sourcecode.swift; path = Coming4U_IGUITests.swift; sourceTree = "<group>"; };
		0737D17F2715FD10004BFC20 /* Coming4U_IGUITestsLaunchTests.swift */ = {isa = PBXFileReference; lastKnownFileType = sourcecode.swift; path = Coming4U_IGUITestsLaunchTests.swift; sourceTree = "<group>"; };
/* End PBXFileReference section */

/* Begin PBXFrameworksBuildPhase section */
		0737D1562715FD0F004BFC20 /* Frameworks */ = {
			isa = PBXFrameworksBuildPhase;
			buildActionMask = 2147483647;
			files = (
			);
			runOnlyForDeploymentPostprocessing = 0;
		};
		0737D16C2715FD10004BFC20 /* Frameworks */ = {
			isa = PBXFrameworksBuildPhase;
			buildActionMask = 2147483647;
			files = (
			);
			runOnlyForDeploymentPostprocessing = 0;
		};
		0737D1762715FD10004BFC20 /* Frameworks */ = {
			isa = PBXFrameworksBuildPhase;
			buildActionMask = 2147483647;
			files = (
			);
			runOnlyForDeploymentPostprocessing = 0;
		};
/* End PBXFrameworksBuildPhase section */

/* Begin PBXGroup section */
		0737D1502715FD0F004BFC20 = {
			isa = PBXGroup;
			children = (
				0737D15B2715FD10004BFC20 /* Coming4U-IG */,
				0737D1722715FD10004BFC20 /* Coming4U-IGTests */,
				0737D17C2715FD10004BFC20 /* Coming4U-IGUITests */,
				0737D15A2715FD10004BFC20 /* Products */,
			);
			sourceTree = "<group>";
		};
		0737D15A2715FD10004BFC20 /* Products */ = {
			isa = PBXGroup;
			children = (
				0737D1592715FD10004BFC20 /* Coming4U-IG.app */,
				0737D16F2715FD10004BFC20 /* Coming4U-IGTests.xctest */,
				0737D1792715FD10004BFC20 /* Coming4U-IGUITests.xctest */,
			);
			name = Products;
			sourceTree = "<group>";
		};
		0737D15B2715FD10004BFC20 /* Coming4U-IG */ = {
			isa = PBXGroup;
			children = (
				0737D15C2715FD10004BFC20 /* AppDelegate.swift */,
				0737D15E2715FD10004BFC20 /* SceneDelegate.swift */,
				0737D1602715FD10004BFC20 /* ViewController.swift */,
				0737D1622715FD10004BFC20 /* Main.storyboard */,
				0737D1652715FD10004BFC20 /* Assets.xcassets */,
				0737D1672715FD10004BFC20 /* LaunchScreen.storyboard */,
				0737D16A2715FD10004BFC20 /* Info.plist */,
			);
			path = "Coming4U-IG";
			sourceTree = "<group>";
		};
		0737D1722715FD10004BFC20 /* Coming4U-IGTests */ = {
			isa = PBXGroup;
			children = (
				0737D1732715FD10004BFC20 /* Coming4U_IGTests.swift */,
			);
			path = "Coming4U-IGTests";
			sourceTree = "<group>";
		};
		0737D17C2715FD10004BFC20 /* Coming4U-IGUITests */ = {
			isa = PBXGroup;
			children = (
				0737D17D2715FD10004BFC20 /* Coming4U_IGUITests.swift */,
				0737D17F2715FD10004BFC20 /* Coming4U_IGUITestsLaunchTests.swift */,
			);
			path = "Coming4U-IGUITests";
			sourceTree = "<group>";
		};
/* End PBXGroup section */

/* Begin PBXNativeTarget section */
		0737D1582715FD0F004BFC20 /* Coming4U-IG */ = {
			isa = PBXNativeTarget;
			buildConfigurationList = 0737D1832715FD10004BFC20 /* Build configuration list for PBXNativeTarget "Coming4U-IG" */;
			buildPhases = (
				0737D1552715FD0F004BFC20 /* Sources */,
				0737D1562715FD0F004BFC20 /* Frameworks */,
				0737D1572715FD0F004BFC20 /* Resources */,
			);
			buildRules = (
			);
			dependencies = (
			);
			name = "Coming4U-IG";
			productName = "Coming4U-IG";
			productReference = 0737D1592715FD10004BFC20 /* Coming4U-IG.app */;
			productType = "com.apple.product-type.application";
		};
		0737D16E2715FD10004BFC20 /* Coming4U-IGTests */ = {
			isa = PBXNativeTarget;
			buildConfigurationList = 0737D1862715FD10004BFC20 /* Build configuration list for PBXNativeTarget "Coming4U-IGTests" */;
			buildPhases = (
				0737D16B2715FD10004BFC20 /* Sources */,
				0737D16C2715FD10004BFC20 /* Frameworks */,
				0737D16D2715FD10004BFC20 /* Resources */,
			);
			buildRules = (
			);
			dependencies = (
				0737D1712715FD10004BFC20 /* PBXTargetDependency */,
			);
			name = "Coming4U-IGTests";
			productName = "Coming4U-IGTests";
			productReference = 0737D16F2715FD10004BFC20 /* Coming4U-IGTests.xctest */;
			productType = "com.apple.product-type.bundle.unit-test";
		};
		0737D1782715FD10004BFC20 /* Coming4U-IGUITests */ = {
			isa = PBXNativeTarget;
			buildConfigurationList = 0737D1892715FD10004BFC20 /* Build configuration list for PBXNativeTarget "Coming4U-IGUITests" */;
			buildPhases = (
				0737D1752715FD10004BFC20 /* Sources */,
				0737D1762715FD10004BFC20 /* Frameworks */,
				0737D1772715FD10004BFC20 /* Resources */,
			);
			buildRules = (
			);
			dependencies = (
				0737D17B2715FD10004BFC20 /* PBXTargetDependency */,
			);
			name = "Coming4U-IGUITests";
			productName = "Coming4U-IGUITests";
			productReference = 0737D1792715FD10004BFC20 /* Coming4U-IGUITests.xctest */;
			productType = "com.apple.product-type.bundle.ui-testing";
		};
/* End PBXNativeTarget section */

/* Begin PBXProject section */
		0737D1512715FD0F004BFC20 /* Project object */ = {
			isa = PBXProject;
			attributes = {
				BuildIndependentTargetsInParallel = 1;
				LastSwiftUpdateCheck = 1300;
				LastUpgradeCheck = 1300;
				TargetAttributes = {
					0737D1582715FD0F004BFC20 = {
						CreatedOnToolsVersion = 13.0;
					};
					0737D16E2715FD10004BFC20 = {
						CreatedOnToolsVersion = 13.0;
						TestTargetID = 0737D1582715FD0F004BFC20;
					};
					0737D1782715FD10004BFC20 = {
						CreatedOnToolsVersion = 13.0;
						TestTargetID = 0737D1582715FD0F004BFC20;
					};
				};
			};
			buildConfigurationList = 0737D1542715FD0F004BFC20 /* Build configuration list for PBXProject "Coming4U-IG" */;
			compatibilityVersion = "Xcode 13.0";
			developmentRegion = en;
			hasScannedForEncodings = 0;
			knownRegions = (
				en,
				Base,
			);
			mainGroup = 0737D1502715FD0F004BFC20;
			productRefGroup = 0737D15A2715FD10004BFC20 /* Products */;
			projectDirPath = "";
			projectRoot = "";
			targets = (
				0737D1582715FD0F004BFC20 /* Coming4U-IG */,
				0737D16E2715FD10004BFC20 /* Coming4U-IGTests */,
				0737D1782715FD10004BFC20 /* Coming4U-IGUITests */,
			);
		};
/* End PBXProject section */

/* Begin PBXResourcesBuildPhase section */
		0737D1572715FD0F004BFC20 /* Resources */ = {
			isa = PBXResourcesBuildPhase;
			buildActionMask = 2147483647;
			files = (
				0737D1692715FD10004BFC20 /* LaunchScreen.storyboard in Resources */,
				0737D1662715FD10004BFC20 /* Assets.xcassets in Resources */,
				0737D1642715FD10004BFC20 /* Main.storyboard in Resources */,
			);
			runOnlyForDeploymentPostprocessing = 0;
		};
		0737D16D2715FD10004BFC20 /* Resources */ = {
			isa = PBXResourcesBuildPhase;
			buildActionMask = 2147483647;
			files = (
			);
			runOnlyForDeploymentPostprocessing = 0;
		};
		0737D1772715FD10004BFC20 /* Resources */ = {
			isa = PBXResourcesBuildPhase;
			buildActionMask = 2147483647;
			files = (
			);
			runOnlyForDeploymentPostprocessing = 0;
		};
/* End PBXResourcesBuildPhase section */

/* Begin PBXSourcesBuildPhase section */
		0737D1552715FD0F004BFC20 /* Sources */ = {
			isa = PBXSourcesBuildPhase;
			buildActionMask = 2147483647;
			files = (
				0737D1612715FD10004BFC20 /* ViewController.swift in Sources */,
				0737D15D2715FD10004BFC20 /* AppDelegate.swift in Sources */,
				0737D15F2715FD10004BFC20 /* SceneDelegate.swift in Sources */,
			);
			runOnlyForDeploymentPostprocessing = 0;
		};
		0737D16B2715FD10004BFC20 /* Sources */ = {
			isa = PBXSourcesBuildPhase;
			buildActionMask = 2147483647;
			files = (
				0737D1742715FD10004BFC20 /* Coming4U_IGTests.swift in Sources */,
			);
			runOnlyForDeploymentPostprocessing = 0;
		};
		0737D1752715FD10004BFC20 /* Sources */ = {
			isa = PBXSourcesBuildPhase;
			buildActionMask = 2147483647;
			files = (
				0737D1802715FD10004BFC20 /* Coming4U_IGUITestsLaunchTests.swift in Sources */,
				0737D17E2715FD10004BFC20 /* Coming4U_IGUITests.swift in Sources */,
			);
			runOnlyForDeploymentPostprocessing = 0;
		};
/* End PBXSourcesBuildPhase section */

/* Begin PBXTargetDependency section */
		0737D1712715FD10004BFC20 /* PBXTargetDependency */ = {
			isa = PBXTargetDependency;
			target = 0737D1582715FD0F004BFC20 /* Coming4U-IG */;
			targetProxy = 0737D1702715FD10004BFC20 /* PBXContainerItemProxy */;
		};
		0737D17B2715FD10004BFC20 /* PBXTargetDependency */ = {
			isa = PBXTargetDependency;
			target = 0737D1582715FD0F004BFC20 /* Coming4U-IG */;
			targetProxy = 0737D17A2715FD10004BFC20 /* PBXContainerItemProxy */;
		};
/* End PBXTargetDependency section */

/* Begin PBXVariantGroup section */
		0737D1622715FD10004BFC20 /* Main.storyboard */ = {
			isa = PBXVariantGroup;
			children = (
				0737D1632715FD10004BFC20 /* Base */,
			);
			name = Main.storyboard;
			sourceTree = "<group>";
		};
		0737D1672715FD10004BFC20 /* LaunchScreen.storyboard */ = {
			isa = PBXVariantGroup;
			children = (
				0737D1682715FD10004BFC20 /* Base */,
			);
			name = LaunchScreen.storyboard;
			sourceTree = "<group>";
		};
/* End PBXVariantGroup section */

/* Begin XCBuildConfiguration section */
		0737D1812715FD10004BFC20 /* Debug */ = {
			isa = XCBuildConfiguration;
			buildSettings = {
				ALWAYS_SEARCH_USER_PATHS = NO;
				CLANG_ANALYZER_NONNULL = YES;
				CLANG_ANALYZER_NUMBER_OBJECT_CONVERSION = YES_AGGRESSIVE;
				CLANG_CXX_LANGUAGE_STANDARD = "gnu++17";
				CLANG_CXX_LIBRARY = "libc++";
				CLANG_ENABLE_MODULES = YES;
				CLANG_ENABLE_OBJC_ARC = YES;
				CLANG_ENABLE_OBJC_WEAK = YES;
				CLANG_WARN_BLOCK_CAPTURE_AUTORELEASING = YES;
				CLANG_WARN_BOOL_CONVERSION = YES;
				CLANG_WARN_COMMA = YES;
				CLANG_WARN_CONSTANT_CONVERSION = YES;
				CLANG_WARN_DEPRECATED_OBJC_IMPLEMENTATIONS = YES;
				CLANG_WARN_DIRECT_OBJC_ISA_USAGE = YES_ERROR;
				CLANG_WARN_DOCUMENTATION_COMMENTS = YES;
				CLANG_WARN_EMPTY_BODY = YES;
				CLANG_WARN_ENUM_CONVERSION = YES;
				CLANG_WARN_INFINITE_RECURSION = YES;
				CLANG_WARN_INT_CONVERSION = YES;
				CLANG_WARN_NON_LITERAL_NULL_CONVERSION = YES;
				CLANG_WARN_OBJC_IMPLICIT_RETAIN_SELF = YES;
				CLANG_WARN_OBJC_LITERAL_CONVERSION = YES;
				CLANG_WARN_OBJC_ROOT_CLASS = YES_ERROR;
				CLANG_WARN_QUOTED_INCLUDE_IN_FRAMEWORK_HEADER = YES;
				CLANG_WARN_RANGE_LOOP_ANALYSIS = YES;
				CLANG_WARN_STRICT_PROTOTYPES = YES;
				CLANG_WARN_SUSPICIOUS_MOVE = YES;
				CLANG_WARN_UNGUARDED_AVAILABILITY = YES_AGGRESSIVE;
				CLANG_WARN_UNREACHABLE_CODE = YES;
				CLANG_WARN__DUPLICATE_METHOD_MATCH = YES;
				COPY_PHASE_STRIP = NO;
				DEBUG_INFORMATION_FORMAT = dwarf;
				ENABLE_STRICT_OBJC_MSGSEND = YES;
				ENABLE_TESTABILITY = YES;
				GCC_C_LANGUAGE_STANDARD = gnu11;
				GCC_DYNAMIC_NO_PIC = NO;
				GCC_NO_COMMON_BLOCKS = YES;
				GCC_OPTIMIZATION_LEVEL = 0;
				GCC_PREPROCESSOR_DEFINITIONS = (
					"DEBUG=1",
					"$(inherited)",
				);
				GCC_WARN_64_TO_32_BIT_CONVERSION = YES;
				GCC_WARN_ABOUT_RETURN_TYPE = YES_ERROR;
				GCC_WARN_UNDECLARED_SELECTOR = YES;
				GCC_WARN_UNINITIALIZED_AUTOS = YES_AGGRESSIVE;
				GCC_WARN_UNUSED_FUNCTION = YES;
				GCC_WARN_UNUSED_VARIABLE = YES;
				IPHONEOS_DEPLOYMENT_TARGET = 15.0;
				MTL_ENABLE_DEBUG_INFO = INCLUDE_SOURCE;
				MTL_FAST_MATH = YES;
				ONLY_ACTIVE_ARCH = YES;
				SDKROOT = iphoneos;
				SWIFT_ACTIVE_COMPILATION_CONDITIONS = DEBUG;
				SWIFT_OPTIMIZATION_LEVEL = "-Onone";
			};
			name = Debug;
		};
		0737D1822715FD10004BFC20 /* Release */ = {
			isa = XCBuildConfiguration;
			buildSettings = {
				ALWAYS_SEARCH_USER_PATHS = NO;
				CLANG_ANALYZER_NONNULL = YES;
				CLANG_ANALYZER_NUMBER_OBJECT_CONVERSION = YES_AGGRESSIVE;
				CLANG_CXX_LANGUAGE_STANDARD = "gnu++17";
				CLANG_CXX_LIBRARY = "libc++";
				CLANG_ENABLE_MODULES = YES;
				CLANG_ENABLE_OBJC_ARC = YES;
				CLANG_ENABLE_OBJC_WEAK = YES;
				CLANG_WARN_BLOCK_CAPTURE_AUTORELEASING = YES;
				CLANG_WARN_BOOL_CONVERSION = YES;
				CLANG_WARN_COMMA = YES;
				CLANG_WARN_CONSTANT_CONVERSION = YES;
				CLANG_WARN_DEPRECATED_OBJC_IMPLEMENTATIONS = YES;
				CLANG_WARN_DIRECT_OBJC_ISA_USAGE = YES_ERROR;
				CLANG_WARN_DOCUMENTATION_COMMENTS = YES;
				CLANG_WARN_EMPTY_BODY = YES;
				CLANG_WARN_ENUM_CONVERSION = YES;
				CLANG_WARN_INFINITE_RECURSION = YES;
				CLANG_WARN_INT_CONVERSION = YES;
				CLANG_WARN_NON_LITERAL_NULL_CONVERSION = YES;
				CLANG_WARN_OBJC_IMPLICIT_RETAIN_SELF = YES;
				CLANG_WARN_OBJC_LITERAL_CONVERSION = YES;
				CLANG_WARN_OBJC_ROOT_CLASS = YES_ERROR;
				CLANG_WARN_QUOTED_INCLUDE_IN_FRAMEWORK_HEADER = YES;
				CLANG_WARN_RANGE_LOOP_ANALYSIS = YES;
				CLANG_WARN_STRICT_PROTOTYPES = YES;
				CLANG_WARN_SUSPICIOUS_MOVE = YES;
				CLANG_WARN_UNGUARDED_AVAILABILITY = YES_AGGRESSIVE;
				CLANG_WARN_UNREACHABLE_CODE = YES;
				CLANG_WARN__DUPLICATE_METHOD_MATCH = YES;
				COPY_PHASE_STRIP = NO;
				DEBUG_INFORMATION_FORMAT = "dwarf-with-dsym";
				ENABLE_NS_ASSERTIONS = NO;
				ENABLE_STRICT_OBJC_MSGSEND = YES;
				GCC_C_LANGUAGE_STANDARD = gnu11;
				GCC_NO_COMMON_BLOCKS = YES;
				GCC_WARN_64_TO_32_BIT_CONVERSION = YES;
				GCC_WARN_ABOUT_RETURN_TYPE = YES_ERROR;
				GCC_WARN_UNDECLARED_SELECTOR = YES;
				GCC_WARN_UNINITIALIZED_AUTOS = YES_AGGRESSIVE;
				GCC_WARN_UNUSED_FUNCTION = YES;
				GCC_WARN_UNUSED_VARIABLE = YES;
				IPHONEOS_DEPLOYMENT_TARGET = 15.0;
				MTL_ENABLE_DEBUG_INFO = NO;
				MTL_FAST_MATH = YES;
				SDKROOT = iphoneos;
				SWIFT_COMPILATION_MODE = wholemodule;
				SWIFT_OPTIMIZATION_LEVEL = "-O";
				VALIDATE_PRODUCT = YES;
			};
			name = Release;
		};
		0737D1842715FD10004BFC20 /* Debug */ = {
			isa = XCBuildConfiguration;
			buildSettings = {
				ASSETCATALOG_COMPILER_APPICON_NAME = AppIcon;
				ASSETCATALOG_COMPILER_GLOBAL_ACCENT_COLOR_NAME = AccentColor;
				CODE_SIGN_STYLE = Automatic;
				CURRENT_PROJECT_VERSION = 1;
				DEVELOPMENT_TEAM = H4R52F2843;
				GENERATE_INFOPLIST_FILE = YES;
				INFOPLIST_FILE = "Coming4U-IG/Info.plist";
				INFOPLIST_KEY_UIApplicationSupportsIndirectInputEvents = YES;
				INFOPLIST_KEY_UILaunchStoryboardName = LaunchScreen;
				INFOPLIST_KEY_UIMainStoryboardFile = Main;
				INFOPLIST_KEY_UISupportedInterfaceOrientations_iPad = "UIInterfaceOrientationPortrait UIInterfaceOrientationPortraitUpsideDown UIInterfaceOrientationLandscapeLeft UIInterfaceOrientationLandscapeRight";
				INFOPLIST_KEY_UISupportedInterfaceOrientations_iPhone = "UIInterfaceOrientationPortrait UIInterfaceOrientationLandscapeLeft UIInterfaceOrientationLandscapeRight";
				LD_RUNPATH_SEARCH_PATHS = (
					"$(inherited)",
					"@executable_path/Frameworks",
				);
				MARKETING_VERSION = 1.0;
				PRODUCT_BUNDLE_IDENTIFIER = "JuanG.Coming4U-IG";
				PRODUCT_NAME = "$(TARGET_NAME)";
				SWIFT_EMIT_LOC_STRINGS = YES;
				SWIFT_VERSION = 5.0;
				TARGETED_DEVICE_FAMILY = "1,2";
			};
			name = Debug;
		};
		0737D1852715FD10004BFC20 /* Release */ = {
			isa = XCBuildConfiguration;
			buildSettings = {
				ASSETCATALOG_COMPILER_APPICON_NAME = AppIcon;
				ASSETCATALOG_COMPILER_GLOBAL_ACCENT_COLOR_NAME = AccentColor;
				CODE_SIGN_STYLE = Automatic;
				CURRENT_PROJECT_VERSION = 1;
				DEVELOPMENT_TEAM = H4R52F2843;
				GENERATE_INFOPLIST_FILE = YES;
				INFOPLIST_FILE = "Coming4U-IG/Info.plist";
				INFOPLIST_KEY_UIApplicationSupportsIndirectInputEvents = YES;
				INFOPLIST_KEY_UILaunchStoryboardName = LaunchScreen;
				INFOPLIST_KEY_UIMainStoryboardFile = Main;
				INFOPLIST_KEY_UISupportedInterfaceOrientations_iPad = "UIInterfaceOrientationPortrait UIInterfaceOrientationPortraitUpsideDown UIInterfaceOrientationLandscapeLeft UIInterfaceOrientationLandscapeRight";
				INFOPLIST_KEY_UISupportedInterfaceOrientations_iPhone = "UIInterfaceOrientationPortrait UIInterfaceOrientationLandscapeLeft UIInterfaceOrientationLandscapeRight";
				LD_RUNPATH_SEARCH_PATHS = (
					"$(inherited)",
					"@executable_path/Frameworks",
				);
				MARKETING_VERSION = 1.0;
				PRODUCT_BUNDLE_IDENTIFIER = "JuanG.Coming4U-IG";
				PRODUCT_NAME = "$(TARGET_NAME)";
				SWIFT_EMIT_LOC_STRINGS = YES;
				SWIFT_VERSION = 5.0;
				TARGETED_DEVICE_FAMILY = "1,2";
			};
			name = Release;
		};
		0737D1872715FD10004BFC20 /* Debug */ = {
			isa = XCBuildConfiguration;
			buildSettings = {
				ALWAYS_EMBED_SWIFT_STANDARD_LIBRARIES = YES;
				BUNDLE_LOADER = "$(TEST_HOST)";
				CODE_SIGN_STYLE = Automatic;
				CURRENT_PROJECT_VERSION = 1;
				DEVELOPMENT_TEAM = H4R52F2843;
				GENERATE_INFOPLIST_FILE = YES;
				IPHONEOS_DEPLOYMENT_TARGET = 15.0;
				LD_RUNPATH_SEARCH_PATHS = (
					"$(inherited)",
					"@executable_path/Frameworks",
					"@loader_path/Frameworks",
				);
				MARKETING_VERSION = 1.0;
				PRODUCT_BUNDLE_IDENTIFIER = "JuanG.Coming4U-IGTests";
				PRODUCT_NAME = "$(TARGET_NAME)";
				SWIFT_EMIT_LOC_STRINGS = NO;
				SWIFT_VERSION = 5.0;
				TARGETED_DEVICE_FAMILY = "1,2";
				TEST_HOST = "$(BUILT_PRODUCTS_DIR)/Coming4U-IG.app/Coming4U-IG";
			};
			name = Debug;
		};
		0737D1882715FD10004BFC20 /* Release */ = {
			isa = XCBuildConfiguration;
			buildSettings = {
				ALWAYS_EMBED_SWIFT_STANDARD_LIBRARIES = YES;
				BUNDLE_LOADER = "$(TEST_HOST)";
				CODE_SIGN_STYLE = Automatic;
				CURRENT_PROJECT_VERSION = 1;
				DEVELOPMENT_TEAM = H4R52F2843;
				GENERATE_INFOPLIST_FILE = YES;
				IPHONEOS_DEPLOYMENT_TARGET = 15.0;
				LD_RUNPATH_SEARCH_PATHS = (
					"$(inherited)",
					"@executable_path/Frameworks",
					"@loader_path/Frameworks",
				);
				MARKETING_VERSION = 1.0;
				PRODUCT_BUNDLE_IDENTIFIER = "JuanG.Coming4U-IGTests";
				PRODUCT_NAME = "$(TARGET_NAME)";
				SWIFT_EMIT_LOC_STRINGS = NO;
				SWIFT_VERSION = 5.0;
				TARGETED_DEVICE_FAMILY = "1,2";
				TEST_HOST = "$(BUILT_PRODUCTS_DIR)/Coming4U-IG.app/Coming4U-IG";
			};
			name = Release;
		};
		0737D18A2715FD10004BFC20 /* Debug */ = {
			isa = XCBuildConfiguration;
			buildSettings = {
				ALWAYS_EMBED_SWIFT_STANDARD_LIBRARIES = YES;
				CODE_SIGN_STYLE = Automatic;
				CURRENT_PROJECT_VERSION = 1;
				DEVELOPMENT_TEAM = H4R52F2843;
				GENERATE_INFOPLIST_FILE = YES;
				LD_RUNPATH_SEARCH_PATHS = (
					"$(inherited)",
					"@executable_path/Frameworks",
					"@loader_path/Frameworks",
				);
				MARKETING_VERSION = 1.0;
				PRODUCT_BUNDLE_IDENTIFIER = "JuanG.Coming4U-IGUITests";
				PRODUCT_NAME = "$(TARGET_NAME)";
				SWIFT_EMIT_LOC_STRINGS = NO;
				SWIFT_VERSION = 5.0;
				TARGETED_DEVICE_FAMILY = "1,2";
				TEST_TARGET_NAME = "Coming4U-IG";
			};
			name = Debug;
		};
		0737D18B2715FD10004BFC20 /* Release */ = {
			isa = XCBuildConfiguration;
			buildSettings = {
				ALWAYS_EMBED_SWIFT_STANDARD_LIBRARIES = YES;
				CODE_SIGN_STYLE = Automatic;
				CURRENT_PROJECT_VERSION = 1;
				DEVELOPMENT_TEAM = H4R52F2843;
				GENERATE_INFOPLIST_FILE = YES;
				LD_RUNPATH_SEARCH_PATHS = (
					"$(inherited)",
					"@executable_path/Frameworks",
					"@loader_path/Frameworks",
				);
				MARKETING_VERSION = 1.0;
				PRODUCT_BUNDLE_IDENTIFIER = "JuanG.Coming4U-IGUITests";
				PRODUCT_NAME = "$(TARGET_NAME)";
				SWIFT_EMIT_LOC_STRINGS = NO;
				SWIFT_VERSION = 5.0;
				TARGETED_DEVICE_FAMILY = "1,2";
				TEST_TARGET_NAME = "Coming4U-IG";
			};
			name = Release;
		};
/* End XCBuildConfiguration section */

/* Begin XCConfigurationList section */
		0737D1542715FD0F004BFC20 /* Build configuration list for PBXProject "Coming4U-IG" */ = {
			isa = XCConfigurationList;
			buildConfigurations = (
				0737D1812715FD10004BFC20 /* Debug */,
				0737D1822715FD10004BFC20 /* Release */,
			);
			defaultConfigurationIsVisible = 0;
			defaultConfigurationName = Release;
		};
		0737D1832715FD10004BFC20 /* Build configuration list for PBXNativeTarget "Coming4U-IG" */ = {
			isa = XCConfigurationList;
			buildConfigurations = (
				0737D1842715FD10004BFC20 /* Debug */,
				0737D1852715FD10004BFC20 /* Release */,
			);
			defaultConfigurationIsVisible = 0;
			defaultConfigurationName = Release;
		};
		0737D1862715FD10004BFC20 /* Build configuration list for PBXNativeTarget "Coming4U-IGTests" */ = {
			isa = XCConfigurationList;
			buildConfigurations = (
				0737D1872715FD10004BFC20 /* Debug */,
				0737D1882715FD10004BFC20 /* Release */,
			);
			defaultConfigurationIsVisible = 0;
			defaultConfigurationName = Release;
		};
		0737D1892715FD10004BFC20 /* Build configuration list for PBXNativeTarget "Coming4U-IGUITests" */ = {
			isa = XCConfigurationList;
			buildConfigurations = (
				0737D18A2715FD10004BFC20 /* Debug */,
				0737D18B2715FD10004BFC20 /* Release */,
			);
			defaultConfigurationIsVisible = 0;
			defaultConfigurationName = Release;
		};
/* End XCConfigurationList section */
	};
	rootObject = 0737D1512715FD0F004BFC20 /* Project object */;
}
